// !$*UTF8*$!
{
	archiveVersion = 1;
	classes = {
	};
	objectVersion = 60;
	objects = {

/* Begin PBXBuildFile section */
		264368432D38A7880082C1DD /* SQLite in Frameworks */ = {isa = PBXBuildFile; productRef = 264368422D38A7880082C1DD /* SQLite */; };
		264368462D38AD080082C1DD /* Kingfisher in Frameworks */ = {isa = PBXBuildFile; productRef = 264368452D38AD080082C1DD /* Kingfisher */; };
		264368492D38ADFB0082C1DD /* SwiftKeychainWrapper in Frameworks */ = {isa = PBXBuildFile; productRef = 264368482D38ADFB0082C1DD /* SwiftKeychainWrapper */; };
		2643684C2D38AEAF0082C1DD /* WebRTC in Frameworks */ = {isa = PBXBuildFile; productRef = 2643684B2D38AEAF0082C1DD /* WebRTC */; };
		264368502D3A0FE50082C1DD /* MobileVLCKit.xcframework in Frameworks */ = {isa = PBXBuildFile; fileRef = 2643684F2D3A0FE40082C1DD /* MobileVLCKit.xcframework */; };
		264368512D3A0FE50082C1DD /* MobileVLCKit.xcframework in Embed Frameworks */ = {isa = PBXBuildFile; fileRef = 2643684F2D3A0FE40082C1DD /* MobileVLCKit.xcframework */; settings = {ATTRIBUTES = (CodeSignOnCopy, RemoveHeadersOnCopy, ); }; };
		2643685D2D3A42D40082C1DD /* PhoneNumberKit in Frameworks */ = {isa = PBXBuildFile; productRef = 2643685C2D3A42D40082C1DD /* PhoneNumberKit */; };
		26E4D00B2D2FDA2A0082CCBC /* AppDelegate.swift in Sources */ = {isa = PBXBuildFile; fileRef = 26E4D00A2D2FDA2A0082CCBC /* AppDelegate.swift */; };
		26E4D00D2D2FDA2A0082CCBC /* SceneDelegate.swift in Sources */ = {isa = PBXBuildFile; fileRef = 26E4D00C2D2FDA2A0082CCBC /* SceneDelegate.swift */; };
		26E4D00F2D2FDA2A0082CCBC /* ViewController.swift in Sources */ = {isa = PBXBuildFile; fileRef = 26E4D00E2D2FDA2A0082CCBC /* ViewController.swift */; };
		26E4D0122D2FDA2A0082CCBC /* Main.storyboard in Resources */ = {isa = PBXBuildFile; fileRef = 26E4D0102D2FDA2A0082CCBC /* Main.storyboard */; };
		26E4D0142D2FDA2C0082CCBC /* Assets.xcassets in Resources */ = {isa = PBXBuildFile; fileRef = 26E4D0132D2FDA2C0082CCBC /* Assets.xcassets */; };
		26E4D0172D2FDA2C0082CCBC /* LaunchScreen.storyboard in Resources */ = {isa = PBXBuildFile; fileRef = 26E4D0152D2FDA2C0082CCBC /* LaunchScreen.storyboard */; };
		26E4D0222D2FDA2C0082CCBC /* sdk_exampleTests.swift in Sources */ = {isa = PBXBuildFile; fileRef = 26E4D0212D2FDA2C0082CCBC /* sdk_exampleTests.swift */; };
		26E4D02C2D2FDA2C0082CCBC /* sdk_exampleUITests.swift in Sources */ = {isa = PBXBuildFile; fileRef = 26E4D02B2D2FDA2C0082CCBC /* sdk_exampleUITests.swift */; };
		26E4D02E2D2FDA2C0082CCBC /* sdk_exampleUITestsLaunchTests.swift in Sources */ = {isa = PBXBuildFile; fileRef = 26E4D02D2D2FDA2C0082CCBC /* sdk_exampleUITestsLaunchTests.swift */; };
		610472762D3CB59B008D83D1 /* MyBirdtalk in Frameworks */ = {isa = PBXBuildFile; productRef = 610472752D3CB59B008D83D1 /* MyBirdtalk */; };
/* End PBXBuildFile section */

/* Begin PBXContainerItemProxy section */
		26E4D01E2D2FDA2C0082CCBC /* PBXContainerItemProxy */ = {
			isa = PBXContainerItemProxy;
			containerPortal = 26E4CFFF2D2FDA2A0082CCBC /* Project object */;
			proxyType = 1;
			remoteGlobalIDString = 26E4D0062D2FDA2A0082CCBC;
			remoteInfo = "sdk-example";
		};
		26E4D0282D2FDA2C0082CCBC /* PBXContainerItemProxy */ = {
			isa = PBXContainerItemProxy;
			containerPortal = 26E4CFFF2D2FDA2A0082CCBC /* Project object */;
			proxyType = 1;
			remoteGlobalIDString = 26E4D0062D2FDA2A0082CCBC;
			remoteInfo = "sdk-example";
		};
/* End PBXContainerItemProxy section */

/* Begin PBXCopyFilesBuildPhase section */
		264368522D3A0FE50082C1DD /* Embed Frameworks */ = {
			isa = PBXCopyFilesBuildPhase;
			buildActionMask = 2147483647;
			dstPath = "";
			dstSubfolderSpec = 10;
			files = (
				264368512D3A0FE50082C1DD /* MobileVLCKit.xcframework in Embed Frameworks */,
			);
			name = "Embed Frameworks";
			runOnlyForDeploymentPostprocessing = 0;
		};
/* End PBXCopyFilesBuildPhase section */

/* Begin PBXFileReference section */
		2643684F2D3A0FE40082C1DD /* MobileVLCKit.xcframework */ = {isa = PBXFileReference; lastKnownFileType = wrapper.xcframework; name = MobileVLCKit.xcframework; path = Library/MobileVLCKit.xcframework; sourceTree = "<group>"; };
		26E4D0072D2FDA2A0082CCBC /* sdk-example.app */ = {isa = PBXFileReference; explicitFileType = wrapper.application; includeInIndex = 0; path = "sdk-example.app"; sourceTree = BUILT_PRODUCTS_DIR; };
		26E4D00A2D2FDA2A0082CCBC /* AppDelegate.swift */ = {isa = PBXFileReference; lastKnownFileType = sourcecode.swift; path = AppDelegate.swift; sourceTree = "<group>"; };
		26E4D00C2D2FDA2A0082CCBC /* SceneDelegate.swift */ = {isa = PBXFileReference; lastKnownFileType = sourcecode.swift; path = SceneDelegate.swift; sourceTree = "<group>"; };
		26E4D00E2D2FDA2A0082CCBC /* ViewController.swift */ = {isa = PBXFileReference; lastKnownFileType = sourcecode.swift; path = ViewController.swift; sourceTree = "<group>"; };
		26E4D0112D2FDA2A0082CCBC /* Base */ = {isa = PBXFileReference; lastKnownFileType = file.storyboard; name = Base; path = Base.lproj/Main.storyboard; sourceTree = "<group>"; };
		26E4D0132D2FDA2C0082CCBC /* Assets.xcassets */ = {isa = PBXFileReference; lastKnownFileType = folder.assetcatalog; path = Assets.xcassets; sourceTree = "<group>"; };
		26E4D0162D2FDA2C0082CCBC /* Base */ = {isa = PBXFileReference; lastKnownFileType = file.storyboard; name = Base; path = Base.lproj/LaunchScreen.storyboard; sourceTree = "<group>"; };
		26E4D0182D2FDA2C0082CCBC /* Info.plist */ = {isa = PBXFileReference; lastKnownFileType = text.plist.xml; path = Info.plist; sourceTree = "<group>"; };
		26E4D01D2D2FDA2C0082CCBC /* sdk-exampleTests.xctest */ = {isa = PBXFileReference; explicitFileType = wrapper.cfbundle; includeInIndex = 0; path = "sdk-exampleTests.xctest"; sourceTree = BUILT_PRODUCTS_DIR; };
		26E4D0212D2FDA2C0082CCBC /* sdk_exampleTests.swift */ = {isa = PBXFileReference; lastKnownFileType = sourcecode.swift; path = sdk_exampleTests.swift; sourceTree = "<group>"; };
		26E4D0272D2FDA2C0082CCBC /* sdk-exampleUITests.xctest */ = {isa = PBXFileReference; explicitFileType = wrapper.cfbundle; includeInIndex = 0; path = "sdk-exampleUITests.xctest"; sourceTree = BUILT_PRODUCTS_DIR; };
		26E4D02B2D2FDA2C0082CCBC /* sdk_exampleUITests.swift */ = {isa = PBXFileReference; lastKnownFileType = sourcecode.swift; path = sdk_exampleUITests.swift; sourceTree = "<group>"; };
		26E4D02D2D2FDA2C0082CCBC /* sdk_exampleUITestsLaunchTests.swift */ = {isa = PBXFileReference; lastKnownFileType = sourcecode.swift; path = sdk_exampleUITestsLaunchTests.swift; sourceTree = "<group>"; };
/* End PBXFileReference section */

/* Begin PBXFrameworksBuildPhase section */
		26E4D0042D2FDA2A0082CCBC /* Frameworks */ = {
			isa = PBXFrameworksBuildPhase;
			buildActionMask = 2147483647;
			files = (
				2643685D2D3A42D40082C1DD /* PhoneNumberKit in Frameworks */,
				2643684C2D38AEAF0082C1DD /* WebRTC in Frameworks */,
				264368462D38AD080082C1DD /* Kingfisher in Frameworks */,
				264368432D38A7880082C1DD /* SQLite in Frameworks */,
				264368492D38ADFB0082C1DD /* SwiftKeychainWrapper in Frameworks */,
				610472762D3CB59B008D83D1 /* MyBirdtalk in Frameworks */,
				264368502D3A0FE50082C1DD /* MobileVLCKit.xcframework in Frameworks */,
			);
			runOnlyForDeploymentPostprocessing = 0;
		};
		26E4D01A2D2FDA2C0082CCBC /* Frameworks */ = {
			isa = PBXFrameworksBuildPhase;
			buildActionMask = 2147483647;
			files = (
			);
			runOnlyForDeploymentPostprocessing = 0;
		};
		26E4D0242D2FDA2C0082CCBC /* Frameworks */ = {
			isa = PBXFrameworksBuildPhase;
			buildActionMask = 2147483647;
			files = (
			);
			runOnlyForDeploymentPostprocessing = 0;
		};
/* End PBXFrameworksBuildPhase section */

/* Begin PBXGroup section */
		2643684E2D3A0FE40082C1DD /* Frameworks */ = {
			isa = PBXGroup;
			children = (
				2643684F2D3A0FE40082C1DD /* MobileVLCKit.xcframework */,
			);
			name = Frameworks;
			sourceTree = "<group>";
		};
		26E4CFFE2D2FDA290082CCBC = {
			isa = PBXGroup;
			children = (
				26E4D0092D2FDA2A0082CCBC /* sdk-example */,
				26E4D0202D2FDA2C0082CCBC /* sdk-exampleTests */,
				26E4D02A2D2FDA2C0082CCBC /* sdk-exampleUITests */,
				26E4D0082D2FDA2A0082CCBC /* Products */,
				2643684E2D3A0FE40082C1DD /* Frameworks */,
			);
			sourceTree = "<group>";
		};
		26E4D0082D2FDA2A0082CCBC /* Products */ = {
			isa = PBXGroup;
			children = (
				26E4D0072D2FDA2A0082CCBC /* sdk-example.app */,
				26E4D01D2D2FDA2C0082CCBC /* sdk-exampleTests.xctest */,
				26E4D0272D2FDA2C0082CCBC /* sdk-exampleUITests.xctest */,
			);
			name = Products;
			sourceTree = "<group>";
		};
		26E4D0092D2FDA2A0082CCBC /* sdk-example */ = {
			isa = PBXGroup;
			children = (
				26E4D00A2D2FDA2A0082CCBC /* AppDelegate.swift */,
				26E4D00C2D2FDA2A0082CCBC /* SceneDelegate.swift */,
				26E4D00E2D2FDA2A0082CCBC /* ViewController.swift */,
				26E4D0102D2FDA2A0082CCBC /* Main.storyboard */,
				26E4D0132D2FDA2C0082CCBC /* Assets.xcassets */,
				26E4D0152D2FDA2C0082CCBC /* LaunchScreen.storyboard */,
				26E4D0182D2FDA2C0082CCBC /* Info.plist */,
			);
			path = "sdk-example";
			sourceTree = "<group>";
		};
		26E4D0202D2FDA2C0082CCBC /* sdk-exampleTests */ = {
			isa = PBXGroup;
			children = (
				26E4D0212D2FDA2C0082CCBC /* sdk_exampleTests.swift */,
			);
			path = "sdk-exampleTests";
			sourceTree = "<group>";
		};
		26E4D02A2D2FDA2C0082CCBC /* sdk-exampleUITests */ = {
			isa = PBXGroup;
			children = (
				26E4D02B2D2FDA2C0082CCBC /* sdk_exampleUITests.swift */,
				26E4D02D2D2FDA2C0082CCBC /* sdk_exampleUITestsLaunchTests.swift */,
			);
			path = "sdk-exampleUITests";
			sourceTree = "<group>";
		};
/* End PBXGroup section */

/* Begin PBXNativeTarget section */
		26E4D0062D2FDA2A0082CCBC /* sdk-example */ = {
			isa = PBXNativeTarget;
			buildConfigurationList = 26E4D0312D2FDA2C0082CCBC /* Build configuration list for PBXNativeTarget "sdk-example" */;
			buildPhases = (
				26E4D0032D2FDA2A0082CCBC /* Sources */,
				26E4D0042D2FDA2A0082CCBC /* Frameworks */,
				26E4D0052D2FDA2A0082CCBC /* Resources */,
				264368522D3A0FE50082C1DD /* Embed Frameworks */,
			);
			buildRules = (
			);
			dependencies = (
			);
			name = "sdk-example";
			packageProductDependencies = (
				264368422D38A7880082C1DD /* SQLite */,
				264368452D38AD080082C1DD /* Kingfisher */,
				264368482D38ADFB0082C1DD /* SwiftKeychainWrapper */,
				2643684B2D38AEAF0082C1DD /* WebRTC */,
				2643685C2D3A42D40082C1DD /* PhoneNumberKit */,
				610472752D3CB59B008D83D1 /* MyBirdtalk */,
			);
			productName = "sdk-example";
			productReference = 26E4D0072D2FDA2A0082CCBC /* sdk-example.app */;
			productType = "com.apple.product-type.application";
		};
		26E4D01C2D2FDA2C0082CCBC /* sdk-exampleTests */ = {
			isa = PBXNativeTarget;
			buildConfigurationList = 26E4D0342D2FDA2C0082CCBC /* Build configuration list for PBXNativeTarget "sdk-exampleTests" */;
			buildPhases = (
				26E4D0192D2FDA2C0082CCBC /* Sources */,
				26E4D01A2D2FDA2C0082CCBC /* Frameworks */,
				26E4D01B2D2FDA2C0082CCBC /* Resources */,
			);
			buildRules = (
			);
			dependencies = (
				26E4D01F2D2FDA2C0082CCBC /* PBXTargetDependency */,
			);
			name = "sdk-exampleTests";
			productName = "sdk-exampleTests";
			productReference = 26E4D01D2D2FDA2C0082CCBC /* sdk-exampleTests.xctest */;
			productType = "com.apple.product-type.bundle.unit-test";
		};
		26E4D0262D2FDA2C0082CCBC /* sdk-exampleUITests */ = {
			isa = PBXNativeTarget;
			buildConfigurationList = 26E4D0372D2FDA2C0082CCBC /* Build configuration list for PBXNativeTarget "sdk-exampleUITests" */;
			buildPhases = (
				26E4D0232D2FDA2C0082CCBC /* Sources */,
				26E4D0242D2FDA2C0082CCBC /* Frameworks */,
				26E4D0252D2FDA2C0082CCBC /* Resources */,
			);
			buildRules = (
			);
			dependencies = (
				26E4D0292D2FDA2C0082CCBC /* PBXTargetDependency */,
			);
			name = "sdk-exampleUITests";
			productName = "sdk-exampleUITests";
			productReference = 26E4D0272D2FDA2C0082CCBC /* sdk-exampleUITests.xctest */;
			productType = "com.apple.product-type.bundle.ui-testing";
		};
/* End PBXNativeTarget section */

/* Begin PBXProject section */
		26E4CFFF2D2FDA2A0082CCBC /* Project object */ = {
			isa = PBXProject;
			attributes = {
				BuildIndependentTargetsInParallel = 1;
				LastSwiftUpdateCheck = 1500;
				LastUpgradeCheck = 1500;
				TargetAttributes = {
					26E4D0062D2FDA2A0082CCBC = {
						CreatedOnToolsVersion = 15.0.1;
					};
					26E4D01C2D2FDA2C0082CCBC = {
						CreatedOnToolsVersion = 15.0.1;
						TestTargetID = 26E4D0062D2FDA2A0082CCBC;
					};
					26E4D0262D2FDA2C0082CCBC = {
						CreatedOnToolsVersion = 15.0.1;
						TestTargetID = 26E4D0062D2FDA2A0082CCBC;
					};
				};
			};
			buildConfigurationList = 26E4D0022D2FDA2A0082CCBC /* Build configuration list for PBXProject "sdk-example" */;
			compatibilityVersion = "Xcode 14.0";
			developmentRegion = en;
			hasScannedForEncodings = 0;
			knownRegions = (
				en,
				Base,
				"zh-Hans",
				es,
				"zh-Hant",
				ru,
			);
			mainGroup = 26E4CFFE2D2FDA290082CCBC;
			packageReferences = (
				264368412D38A7880082C1DD /* XCRemoteSwiftPackageReference "SQLite.swift" */,
				264368442D38AD070082C1DD /* XCRemoteSwiftPackageReference "Kingfisher" */,
				264368472D38ADFB0082C1DD /* XCRemoteSwiftPackageReference "SwiftKeychainWrapper" */,
				2643684A2D38AEAF0082C1DD /* XCRemoteSwiftPackageReference "WebRTC" */,
				2643685B2D3A42D40082C1DD /* XCRemoteSwiftPackageReference "PhoneNumberKit" */,
				610472742D3CB59B008D83D1 /* XCLocalSwiftPackageReference "../MyBirdtalk" */,
			);
			productRefGroup = 26E4D0082D2FDA2A0082CCBC /* Products */;
			projectDirPath = "";
			projectRoot = "";
			targets = (
				26E4D0062D2FDA2A0082CCBC /* sdk-example */,
				26E4D01C2D2FDA2C0082CCBC /* sdk-exampleTests */,
				26E4D0262D2FDA2C0082CCBC /* sdk-exampleUITests */,
			);
		};
/* End PBXProject section */

/* Begin PBXResourcesBuildPhase section */
		26E4D0052D2FDA2A0082CCBC /* Resources */ = {
			isa = PBXResourcesBuildPhase;
			buildActionMask = 2147483647;
			files = (
				26E4D0172D2FDA2C0082CCBC /* LaunchScreen.storyboard in Resources */,
				26E4D0142D2FDA2C0082CCBC /* Assets.xcassets in Resources */,
				26E4D0122D2FDA2A0082CCBC /* Main.storyboard in Resources */,
			);
			runOnlyForDeploymentPostprocessing = 0;
		};
		26E4D01B2D2FDA2C0082CCBC /* Resources */ = {
			isa = PBXResourcesBuildPhase;
			buildActionMask = 2147483647;
			files = (
			);
			runOnlyForDeploymentPostprocessing = 0;
		};
		26E4D0252D2FDA2C0082CCBC /* Resources */ = {
			isa = PBXResourcesBuildPhase;
			buildActionMask = 2147483647;
			files = (
			);
			runOnlyForDeploymentPostprocessing = 0;
		};
/* End PBXResourcesBuildPhase section */

/* Begin PBXSourcesBuildPhase section */
		26E4D0032D2FDA2A0082CCBC /* Sources */ = {
			isa = PBXSourcesBuildPhase;
			buildActionMask = 2147483647;
			files = (
				26E4D00F2D2FDA2A0082CCBC /* ViewController.swift in Sources */,
				26E4D00B2D2FDA2A0082CCBC /* AppDelegate.swift in Sources */,
				26E4D00D2D2FDA2A0082CCBC /* SceneDelegate.swift in Sources */,
			);
			runOnlyForDeploymentPostprocessing = 0;
		};
		26E4D0192D2FDA2C0082CCBC /* Sources */ = {
			isa = PBXSourcesBuildPhase;
			buildActionMask = 2147483647;
			files = (
				26E4D0222D2FDA2C0082CCBC /* sdk_exampleTests.swift in Sources */,
			);
			runOnlyForDeploymentPostprocessing = 0;
		};
		26E4D0232D2FDA2C0082CCBC /* Sources */ = {
			isa = PBXSourcesBuildPhase;
			buildActionMask = 2147483647;
			files = (
				26E4D02E2D2FDA2C0082CCBC /* sdk_exampleUITestsLaunchTests.swift in Sources */,
				26E4D02C2D2FDA2C0082CCBC /* sdk_exampleUITests.swift in Sources */,
			);
			runOnlyForDeploymentPostprocessing = 0;
		};
/* End PBXSourcesBuildPhase section */

/* Begin PBXTargetDependency section */
		26E4D01F2D2FDA2C0082CCBC /* PBXTargetDependency */ = {
			isa = PBXTargetDependency;
			target = 26E4D0062D2FDA2A0082CCBC /* sdk-example */;
			targetProxy = 26E4D01E2D2FDA2C0082CCBC /* PBXContainerItemProxy */;
		};
		26E4D0292D2FDA2C0082CCBC /* PBXTargetDependency */ = {
			isa = PBXTargetDependency;
			target = 26E4D0062D2FDA2A0082CCBC /* sdk-example */;
			targetProxy = 26E4D0282D2FDA2C0082CCBC /* PBXContainerItemProxy */;
		};
/* End PBXTargetDependency section */

/* Begin PBXVariantGroup section */
		26E4D0102D2FDA2A0082CCBC /* Main.storyboard */ = {
			isa = PBXVariantGroup;
			children = (
				26E4D0112D2FDA2A0082CCBC /* Base */,
			);
			name = Main.storyboard;
			sourceTree = "<group>";
		};
		26E4D0152D2FDA2C0082CCBC /* LaunchScreen.storyboard */ = {
			isa = PBXVariantGroup;
			children = (
				26E4D0162D2FDA2C0082CCBC /* Base */,
			);
			name = LaunchScreen.storyboard;
			sourceTree = "<group>";
		};
/* End PBXVariantGroup section */

/* Begin XCBuildConfiguration section */
		26E4D02F2D2FDA2C0082CCBC /* Debug */ = {
			isa = XCBuildConfiguration;
			buildSettings = {
				ALWAYS_SEARCH_USER_PATHS = NO;
				ASSETCATALOG_COMPILER_GENERATE_SWIFT_ASSET_SYMBOL_EXTENSIONS = YES;
				CLANG_ANALYZER_NONNULL = YES;
				CLANG_ANALYZER_NUMBER_OBJECT_CONVERSION = YES_AGGRESSIVE;
				CLANG_CXX_LANGUAGE_STANDARD = "gnu++20";
				CLANG_ENABLE_MODULES = YES;
				CLANG_ENABLE_OBJC_ARC = YES;
				CLANG_ENABLE_OBJC_WEAK = YES;
				CLANG_WARN_BLOCK_CAPTURE_AUTORELEASING = YES;
				CLANG_WARN_BOOL_CONVERSION = YES;
				CLANG_WARN_COMMA = YES;
				CLANG_WARN_CONSTANT_CONVERSION = YES;
				CLANG_WARN_DEPRECATED_OBJC_IMPLEMENTATIONS = YES;
				CLANG_WARN_DIRECT_OBJC_ISA_USAGE = YES_ERROR;
				CLANG_WARN_DOCUMENTATION_COMMENTS = YES;
				CLANG_WARN_EMPTY_BODY = YES;
				CLANG_WARN_ENUM_CONVERSION = YES;
				CLANG_WARN_INFINITE_RECURSION = YES;
				CLANG_WARN_INT_CONVERSION = YES;
				CLANG_WARN_NON_LITERAL_NULL_CONVERSION = YES;
				CLANG_WARN_OBJC_IMPLICIT_RETAIN_SELF = YES;
				CLANG_WARN_OBJC_LITERAL_CONVERSION = YES;
				CLANG_WARN_OBJC_ROOT_CLASS = YES_ERROR;
				CLANG_WARN_QUOTED_INCLUDE_IN_FRAMEWORK_HEADER = YES;
				CLANG_WARN_RANGE_LOOP_ANALYSIS = YES;
				CLANG_WARN_STRICT_PROTOTYPES = YES;
				CLANG_WARN_SUSPICIOUS_MOVE = YES;
				CLANG_WARN_UNGUARDED_AVAILABILITY = YES_AGGRESSIVE;
				CLANG_WARN_UNREACHABLE_CODE = YES;
				CLANG_WARN__DUPLICATE_METHOD_MATCH = YES;
				COPY_PHASE_STRIP = NO;
				DEBUG_INFORMATION_FORMAT = dwarf;
				ENABLE_STRICT_OBJC_MSGSEND = YES;
				ENABLE_TESTABILITY = YES;
				ENABLE_USER_SCRIPT_SANDBOXING = YES;
				GCC_C_LANGUAGE_STANDARD = gnu17;
				GCC_DYNAMIC_NO_PIC = NO;
				GCC_NO_COMMON_BLOCKS = YES;
				GCC_OPTIMIZATION_LEVEL = 0;
				GCC_PREPROCESSOR_DEFINITIONS = (
					"DEBUG=1",
					"$(inherited)",
				);
				GCC_WARN_64_TO_32_BIT_CONVERSION = YES;
				GCC_WARN_ABOUT_RETURN_TYPE = YES_ERROR;
				GCC_WARN_UNDECLARED_SELECTOR = YES;
				GCC_WARN_UNINITIALIZED_AUTOS = YES_AGGRESSIVE;
				GCC_WARN_UNUSED_FUNCTION = YES;
				GCC_WARN_UNUSED_VARIABLE = YES;
				IPHONEOS_DEPLOYMENT_TARGET = 17.0;
				LOCALIZATION_PREFERS_STRING_CATALOGS = YES;
				MTL_ENABLE_DEBUG_INFO = INCLUDE_SOURCE;
				MTL_FAST_MATH = YES;
				ONLY_ACTIVE_ARCH = YES;
				SDKROOT = iphoneos;
				SWIFT_ACTIVE_COMPILATION_CONDITIONS = "DEBUG $(inherited)";
				SWIFT_OPTIMIZATION_LEVEL = "-Onone";
			};
			name = Debug;
		};
		26E4D0302D2FDA2C0082CCBC /* Release */ = {
			isa = XCBuildConfiguration;
			buildSettings = {
				ALWAYS_SEARCH_USER_PATHS = NO;
				ASSETCATALOG_COMPILER_GENERATE_SWIFT_ASSET_SYMBOL_EXTENSIONS = YES;
				CLANG_ANALYZER_NONNULL = YES;
				CLANG_ANALYZER_NUMBER_OBJECT_CONVERSION = YES_AGGRESSIVE;
				CLANG_CXX_LANGUAGE_STANDARD = "gnu++20";
				CLANG_ENABLE_MODULES = YES;
				CLANG_ENABLE_OBJC_ARC = YES;
				CLANG_ENABLE_OBJC_WEAK = YES;
				CLANG_WARN_BLOCK_CAPTURE_AUTORELEASING = YES;
				CLANG_WARN_BOOL_CONVERSION = YES;
				CLANG_WARN_COMMA = YES;
				CLANG_WARN_CONSTANT_CONVERSION = YES;
				CLANG_WARN_DEPRECATED_OBJC_IMPLEMENTATIONS = YES;
				CLANG_WARN_DIRECT_OBJC_ISA_USAGE = YES_ERROR;
				CLANG_WARN_DOCUMENTATION_COMMENTS = YES;
				CLANG_WARN_EMPTY_BODY = YES;
				CLANG_WARN_ENUM_CONVERSION = YES;
				CLANG_WARN_INFINITE_RECURSION = YES;
				CLANG_WARN_INT_CONVERSION = YES;
				CLANG_WARN_NON_LITERAL_NULL_CONVERSION = YES;
				CLANG_WARN_OBJC_IMPLICIT_RETAIN_SELF = YES;
				CLANG_WARN_OBJC_LITERAL_CONVERSION = YES;
				CLANG_WARN_OBJC_ROOT_CLASS = YES_ERROR;
				CLANG_WARN_QUOTED_INCLUDE_IN_FRAMEWORK_HEADER = YES;
				CLANG_WARN_RANGE_LOOP_ANALYSIS = YES;
				CLANG_WARN_STRICT_PROTOTYPES = YES;
				CLANG_WARN_SUSPICIOUS_MOVE = YES;
				CLANG_WARN_UNGUARDED_AVAILABILITY = YES_AGGRESSIVE;
				CLANG_WARN_UNREACHABLE_CODE = YES;
				CLANG_WARN__DUPLICATE_METHOD_MATCH = YES;
				COPY_PHASE_STRIP = NO;
				DEBUG_INFORMATION_FORMAT = "dwarf-with-dsym";
				ENABLE_NS_ASSERTIONS = NO;
				ENABLE_STRICT_OBJC_MSGSEND = YES;
				ENABLE_USER_SCRIPT_SANDBOXING = YES;
				GCC_C_LANGUAGE_STANDARD = gnu17;
				GCC_NO_COMMON_BLOCKS = YES;
				GCC_WARN_64_TO_32_BIT_CONVERSION = YES;
				GCC_WARN_ABOUT_RETURN_TYPE = YES_ERROR;
				GCC_WARN_UNDECLARED_SELECTOR = YES;
				GCC_WARN_UNINITIALIZED_AUTOS = YES_AGGRESSIVE;
				GCC_WARN_UNUSED_FUNCTION = YES;
				GCC_WARN_UNUSED_VARIABLE = YES;
				IPHONEOS_DEPLOYMENT_TARGET = 17.0;
				LOCALIZATION_PREFERS_STRING_CATALOGS = YES;
				MTL_ENABLE_DEBUG_INFO = NO;
				MTL_FAST_MATH = YES;
				SDKROOT = iphoneos;
				SWIFT_COMPILATION_MODE = wholemodule;
				VALIDATE_PRODUCT = YES;
			};
			name = Release;
		};
		26E4D0322D2FDA2C0082CCBC /* Debug */ = {
			isa = XCBuildConfiguration;
			buildSettings = {
				ASSETCATALOG_COMPILER_APPICON_NAME = AppIcon;
				ASSETCATALOG_COMPILER_GLOBAL_ACCENT_COLOR_NAME = AccentColor;
				CODE_SIGN_STYLE = Automatic;
				CURRENT_PROJECT_VERSION = 1;
				DEVELOPMENT_TEAM = 2HW685YVDX;
				GENERATE_INFOPLIST_FILE = YES;
				INFOPLIST_FILE = "sdk-example/Info.plist";
				INFOPLIST_KEY_UIApplicationSupportsIndirectInputEvents = YES;
				INFOPLIST_KEY_UILaunchStoryboardName = LaunchScreen;
				INFOPLIST_KEY_UIMainStoryboardFile = Main;
				INFOPLIST_KEY_UISupportedInterfaceOrientations_iPad = "UIInterfaceOrientationPortrait UIInterfaceOrientationPortraitUpsideDown UIInterfaceOrientationLandscapeLeft UIInterfaceOrientationLandscapeRight";
				INFOPLIST_KEY_UISupportedInterfaceOrientations_iPhone = "UIInterfaceOrientationPortrait UIInterfaceOrientationLandscapeLeft UIInterfaceOrientationLandscapeRight";
				LD_RUNPATH_SEARCH_PATHS = (
					"$(inherited)",
					"@executable_path/Frameworks",
				);
				MARKETING_VERSION = 1.0;
				PRODUCT_BUNDLE_IDENTIFIER = "com.sdk.example.sdk-example";
				PRODUCT_NAME = "$(TARGET_NAME)";
				SWIFT_EMIT_LOC_STRINGS = YES;
				SWIFT_VERSION = 5.0;
				TARGETED_DEVICE_FAMILY = "1,2";
			};
			name = Debug;
		};
		26E4D0332D2FDA2C0082CCBC /* Release */ = {
			isa = XCBuildConfiguration;
			buildSettings = {
				ASSETCATALOG_COMPILER_APPICON_NAME = AppIcon;
				ASSETCATALOG_COMPILER_GLOBAL_ACCENT_COLOR_NAME = AccentColor;
				CODE_SIGN_STYLE = Automatic;
				CURRENT_PROJECT_VERSION = 1;
				DEVELOPMENT_TEAM = 2HW685YVDX;
				GENERATE_INFOPLIST_FILE = YES;
				INFOPLIST_FILE = "sdk-example/Info.plist";
				INFOPLIST_KEY_UIApplicationSupportsIndirectInputEvents = YES;
				INFOPLIST_KEY_UILaunchStoryboardName = LaunchScreen;
				INFOPLIST_KEY_UIMainStoryboardFile = Main;
				INFOPLIST_KEY_UISupportedInterfaceOrientations_iPad = "UIInterfaceOrientationPortrait UIInterfaceOrientationPortraitUpsideDown UIInterfaceOrientationLandscapeLeft UIInterfaceOrientationLandscapeRight";
				INFOPLIST_KEY_UISupportedInterfaceOrientations_iPhone = "UIInterfaceOrientationPortrait UIInterfaceOrientationLandscapeLeft UIInterfaceOrientationLandscapeRight";
				LD_RUNPATH_SEARCH_PATHS = (
					"$(inherited)",
					"@executable_path/Frameworks",
				);
				MARKETING_VERSION = 1.0;
				PRODUCT_BUNDLE_IDENTIFIER = "com.sdk.example.sdk-example";
				PRODUCT_NAME = "$(TARGET_NAME)";
				SWIFT_EMIT_LOC_STRINGS = YES;
				SWIFT_VERSION = 5.0;
				TARGETED_DEVICE_FAMILY = "1,2";
			};
			name = Release;
		};
		26E4D0352D2FDA2C0082CCBC /* Debug */ = {
			isa = XCBuildConfiguration;
			buildSettings = {
				ALWAYS_EMBED_SWIFT_STANDARD_LIBRARIES = YES;
				BUNDLE_LOADER = "$(TEST_HOST)";
				CODE_SIGN_STYLE = Automatic;
				CURRENT_PROJECT_VERSION = 1;
				DEVELOPMENT_TEAM = 2HW685YVDX;
				GENERATE_INFOPLIST_FILE = YES;
				IPHONEOS_DEPLOYMENT_TARGET = 17.0;
				MARKETING_VERSION = 1.0;
				PRODUCT_BUNDLE_IDENTIFIER = "com.sdk.example.sdk-exampleTests";
				PRODUCT_NAME = "$(TARGET_NAME)";
				SWIFT_EMIT_LOC_STRINGS = NO;
				SWIFT_VERSION = 5.0;
				TARGETED_DEVICE_FAMILY = "1,2";
				TEST_HOST = "$(BUILT_PRODUCTS_DIR)/sdk-example.app/$(BUNDLE_EXECUTABLE_FOLDER_PATH)/sdk-example";
			};
			name = Debug;
		};
		26E4D0362D2FDA2C0082CCBC /* Release */ = {
			isa = XCBuildConfiguration;
			buildSettings = {
				ALWAYS_EMBED_SWIFT_STANDARD_LIBRARIES = YES;
				BUNDLE_LOADER = "$(TEST_HOST)";
				CODE_SIGN_STYLE = Automatic;
				CURRENT_PROJECT_VERSION = 1;
				DEVELOPMENT_TEAM = 2HW685YVDX;
				GENERATE_INFOPLIST_FILE = YES;
				IPHONEOS_DEPLOYMENT_TARGET = 17.0;
				MARKETING_VERSION = 1.0;
				PRODUCT_BUNDLE_IDENTIFIER = "com.sdk.example.sdk-exampleTests";
				PRODUCT_NAME = "$(TARGET_NAME)";
				SWIFT_EMIT_LOC_STRINGS = NO;
				SWIFT_VERSION = 5.0;
				TARGETED_DEVICE_FAMILY = "1,2";
				TEST_HOST = "$(BUILT_PRODUCTS_DIR)/sdk-example.app/$(BUNDLE_EXECUTABLE_FOLDER_PATH)/sdk-example";
			};
			name = Release;
		};
		26E4D0382D2FDA2C0082CCBC /* Debug */ = {
			isa = XCBuildConfiguration;
			buildSettings = {
				ALWAYS_EMBED_SWIFT_STANDARD_LIBRARIES = YES;
				CODE_SIGN_STYLE = Automatic;
				CURRENT_PROJECT_VERSION = 1;
				DEVELOPMENT_TEAM = 2HW685YVDX;
				GENERATE_INFOPLIST_FILE = YES;
				MARKETING_VERSION = 1.0;
				PRODUCT_BUNDLE_IDENTIFIER = "com.sdk.example.sdk-exampleUITests";
				PRODUCT_NAME = "$(TARGET_NAME)";
				SWIFT_EMIT_LOC_STRINGS = NO;
				SWIFT_VERSION = 5.0;
				TARGETED_DEVICE_FAMILY = "1,2";
				TEST_TARGET_NAME = "sdk-example";
			};
			name = Debug;
		};
		26E4D0392D2FDA2C0082CCBC /* Release */ = {
			isa = XCBuildConfiguration;
			buildSettings = {
				ALWAYS_EMBED_SWIFT_STANDARD_LIBRARIES = YES;
				CODE_SIGN_STYLE = Automatic;
				CURRENT_PROJECT_VERSION = 1;
				DEVELOPMENT_TEAM = 2HW685YVDX;
				GENERATE_INFOPLIST_FILE = YES;
				MARKETING_VERSION = 1.0;
				PRODUCT_BUNDLE_IDENTIFIER = "com.sdk.example.sdk-exampleUITests";
				PRODUCT_NAME = "$(TARGET_NAME)";
				SWIFT_EMIT_LOC_STRINGS = NO;
				SWIFT_VERSION = 5.0;
				TARGETED_DEVICE_FAMILY = "1,2";
				TEST_TARGET_NAME = "sdk-example";
			};
			name = Release;
		};
/* End XCBuildConfiguration section */

/* Begin XCConfigurationList section */
		26E4D0022D2FDA2A0082CCBC /* Build configuration list for PBXProject "sdk-example" */ = {
			isa = XCConfigurationList;
			buildConfigurations = (
				26E4D02F2D2FDA2C0082CCBC /* Debug */,
				26E4D0302D2FDA2C0082CCBC /* Release */,
			);
			defaultConfigurationIsVisible = 0;
			defaultConfigurationName = Release;
		};
		26E4D0312D2FDA2C0082CCBC /* Build configuration list for PBXNativeTarget "sdk-example" */ = {
			isa = XCConfigurationList;
			buildConfigurations = (
				26E4D0322D2FDA2C0082CCBC /* Debug */,
				26E4D0332D2FDA2C0082CCBC /* Release */,
			);
			defaultConfigurationIsVisible = 0;
			defaultConfigurationName = Release;
		};
		26E4D0342D2FDA2C0082CCBC /* Build configuration list for PBXNativeTarget "sdk-exampleTests" */ = {
			isa = XCConfigurationList;
			buildConfigurations = (
				26E4D0352D2FDA2C0082CCBC /* Debug */,
				26E4D0362D2FDA2C0082CCBC /* Release */,
			);
			defaultConfigurationIsVisible = 0;
			defaultConfigurationName = Release;
		};
		26E4D0372D2FDA2C0082CCBC /* Build configuration list for PBXNativeTarget "sdk-exampleUITests" */ = {
			isa = XCConfigurationList;
			buildConfigurations = (
				26E4D0382D2FDA2C0082CCBC /* Debug */,
				26E4D0392D2FDA2C0082CCBC /* Release */,
			);
			defaultConfigurationIsVisible = 0;
			defaultConfigurationName = Release;
		};
/* End XCConfigurationList section */

/* Begin XCLocalSwiftPackageReference section */
		610472742D3CB59B008D83D1 /* XCLocalSwiftPackageReference "../MyBirdtalk" */ = {
			isa = XCLocalSwiftPackageReference;
			relativePath = ../MyBirdtalk;
		};
/* End XCLocalSwiftPackageReference section */

/* Begin XCRemoteSwiftPackageReference section */
		264368412D38A7880082C1DD /* XCRemoteSwiftPackageReference "SQLite.swift" */ = {
			isa = XCRemoteSwiftPackageReference;
			repositoryURL = "https://github.com/stephencelis/SQLite.swift.git";
			requirement = {
				kind = exactVersion;
				version = 0.13.0;
			};
		};
		264368442D38AD070082C1DD /* XCRemoteSwiftPackageReference "Kingfisher" */ = {
			isa = XCRemoteSwiftPackageReference;
			repositoryURL = "https://github.com/onevcat/Kingfisher.git";
			requirement = {
				kind = upToNextMajorVersion;
				minimumVersion = 7.0.0;
			};
		};
		264368472D38ADFB0082C1DD /* XCRemoteSwiftPackageReference "SwiftKeychainWrapper" */ = {
			isa = XCRemoteSwiftPackageReference;
			repositoryURL = "https://github.com/jrendel/SwiftKeychainWrapper.git";
			requirement = {
				kind = upToNextMajorVersion;
				minimumVersion = 4.0.1;
			};
		};
		2643684A2D38AEAF0082C1DD /* XCRemoteSwiftPackageReference "WebRTC" */ = {
			isa = XCRemoteSwiftPackageReference;
			repositoryURL = "https://github.com/stasel/WebRTC.git";
			requirement = {
				kind = upToNextMajorVersion;
				minimumVersion = 122.0.0;
			};
		};
		2643685B2D3A42D40082C1DD /* XCRemoteSwiftPackageReference "PhoneNumberKit" */ = {
			isa = XCRemoteSwiftPackageReference;
			repositoryURL = "https://github.com/marmelroy/PhoneNumberKit.git";
			requirement = {
				kind = upToNextMajorVersion;
				minimumVersion = 3.3.0;
			};
		};
/* End XCRemoteSwiftPackageReference section */

/* Begin XCSwiftPackageProductDependency section */
		264368422D38A7880082C1DD /* SQLite */ = {
			isa = XCSwiftPackageProductDependency;
			package = 264368412D38A7880082C1DD /* XCRemoteSwiftPackageReference "SQLite.swift" */;
			productName = SQLite;
		};
		264368452D38AD080082C1DD /* Kingfisher */ = {
			isa = XCSwiftPackageProductDependency;
			package = 264368442D38AD070082C1DD /* XCRemoteSwiftPackageReference "Kingfisher" */;
			productName = Kingfisher;
		};
		264368482D38ADFB0082C1DD /* SwiftKeychainWrapper */ = {
			isa = XCSwiftPackageProductDependency;
			package = 264368472D38ADFB0082C1DD /* XCRemoteSwiftPackageReference "SwiftKeychainWrapper" */;
			productName = SwiftKeychainWrapper;
		};
		2643684B2D38AEAF0082C1DD /* WebRTC */ = {
			isa = XCSwiftPackageProductDependency;
			package = 2643684A2D38AEAF0082C1DD /* XCRemoteSwiftPackageReference "WebRTC" */;
			productName = WebRTC;
		};
		2643685C2D3A42D40082C1DD /* PhoneNumberKit */ = {
			isa = XCSwiftPackageProductDependency;
			package = 2643685B2D3A42D40082C1DD /* XCRemoteSwiftPackageReference "PhoneNumberKit" */;
			productName = PhoneNumberKit;
		};
		610472752D3CB59B008D83D1 /* MyBirdtalk */ = {
			isa = XCSwiftPackageProductDependency;
			productName = MyBirdtalk;
		};
/* End XCSwiftPackageProductDependency section */
	};
	rootObject = 26E4CFFF2D2FDA2A0082CCBC /* Project object */;
}
